
Microsoft Visual Studio Solution File, Format Version 12.00
# Visual Studio Version 17
VisualStudioVersion = 17.0.32112.339
MinimumVisualStudioVersion = 10.0.40219.1
Project("{FAE04EC0-301F-11D3-BF4B-00C04F79EFBC}") = "PhoneStoreManagmentSystem", "PhoneStoreManagmentSystem\PhoneStoreManagmentSystem.csproj", "{C4C8DD99-30C0-4682-B614-60688055FF91}"
EndProject
Global
	GlobalSection(SolutionConfigurationPlatforms) = preSolution
		Debug|Any CPU = Debug|Any CPU
		Release|Any CPU = Release|Any CPU
	EndGlobalSection
	GlobalSection(ProjectConfigurationPlatforms) = postSolution
		{C4C8DD99-30C0-4682-B614-60688055FF91}.Debug|Any CPU.ActiveCfg = Debug|Any CPU
		{C4C8DD99-30C0-4682-B614-60688055FF91}.Debug|Any CPU.Build.0 = Debug|Any CPU
		{C4C8DD99-30C0-4682-B614-60688055FF91}.Release|Any CPU.ActiveCfg = Release|Any CPU
		{C4C8DD99-30C0-4682-B614-60688055FF91}.Release|Any CPU.Build.0 = Release|Any CPU
	EndGlobalSection
	GlobalSection(SolutionProperties) = preSolution
		HideSolutionNode = FALSE
	EndGlobalSection
	GlobalSection(ExtensibilityGlobals) = postSolution
		SolutionGuid = {D4E317BE-6B7E-43C9-933A-941F05A40B59}
	EndGlobalSection
EndGlobal
